
Microsoft Visual Studio Solution File, Format Version 12.00
# Visual Studio 15
VisualStudioVersion = 15.0.27703.2035
MinimumVisualStudioVersion = 10.0.40219.1
Project("{FAE04EC0-301F-11D3-BF4B-00C04F79EFBC}") = "5.1 - Burbuja", "5.1 - Burbuja\5.1 - Burbuja.csproj", "{6DD60BDB-3129-442A-AD15-4F48DE00E7F6}"
EndProject
Global
	GlobalSection(SolutionConfigurationPlatforms) = preSolution
		Debug|Any CPU = Debug|Any CPU
		Release|Any CPU = Release|Any CPU
	EndGlobalSection
	GlobalSection(ProjectConfigurationPlatforms) = postSolution
		{6DD60BDB-3129-442A-AD15-4F48DE00E7F6}.Debug|Any CPU.ActiveCfg = Debug|Any CPU
		{6DD60BDB-3129-442A-AD15-4F48DE00E7F6}.Debug|Any CPU.Build.0 = Debug|Any CPU
		{6DD60BDB-3129-442A-AD15-4F48DE00E7F6}.Release|Any CPU.ActiveCfg = Release|Any CPU
		{6DD60BDB-3129-442A-AD15-4F48DE00E7F6}.Release|Any CPU.Build.0 = Release|Any CPU
	EndGlobalSection
	GlobalSection(SolutionProperties) = preSolution
		HideSolutionNode = FALSE
	EndGlobalSection
	GlobalSection(ExtensibilityGlobals) = postSolution
		SolutionGuid = {00EFF844-1C1C-4CD7-ADE1-58472565CC56}
	EndGlobalSection
EndGlobal
