
Microsoft Visual Studio Solution File, Format Version 12.00
# Visual Studio 15
VisualStudioVersion = 15.0.26730.16
MinimumVisualStudioVersion = 10.0.40219.1
Project("{FAE04EC0-301F-11D3-BF4B-00C04F79EFBC}") = "P06 - Raso Padilla Jose Manuel", "P06 - Raso Padilla Jose Manuel\P06 - Raso Padilla Jose Manuel.csproj", "{C0053235-B55B-4297-B111-0BAD1E237988}"
EndProject
Global
	GlobalSection(SolutionConfigurationPlatforms) = preSolution
		Debug|Any CPU = Debug|Any CPU
		Release|Any CPU = Release|Any CPU
	EndGlobalSection
	GlobalSection(ProjectConfigurationPlatforms) = postSolution
		{C0053235-B55B-4297-B111-0BAD1E237988}.Debug|Any CPU.ActiveCfg = Debug|Any CPU
		{C0053235-B55B-4297-B111-0BAD1E237988}.Debug|Any CPU.Build.0 = Debug|Any CPU
		{C0053235-B55B-4297-B111-0BAD1E237988}.Release|Any CPU.ActiveCfg = Release|Any CPU
		{C0053235-B55B-4297-B111-0BAD1E237988}.Release|Any CPU.Build.0 = Release|Any CPU
	EndGlobalSection
	GlobalSection(SolutionProperties) = preSolution
		HideSolutionNode = FALSE
	EndGlobalSection
	GlobalSection(ExtensibilityGlobals) = postSolution
		SolutionGuid = {35560734-6997-448D-8846-4928FA89B52E}
	EndGlobalSection
EndGlobal
