
Microsoft Visual Studio Solution File, Format Version 12.00
# Visual Studio 15
VisualStudioVersion = 15.0.26730.16
MinimumVisualStudioVersion = 10.0.40219.1
Project("{FAE04EC0-301F-11D3-BF4B-00C04F79EFBC}") = "E2-1 Raso Padilla Jose Manuel", "E2-1 Raso Padilla Jose Manuel\E2-1 Raso Padilla Jose Manuel.csproj", "{C9DDC90A-E338-4013-8B69-E2A7D90E9F54}"
EndProject
Global
	GlobalSection(SolutionConfigurationPlatforms) = preSolution
		Debug|Any CPU = Debug|Any CPU
		Release|Any CPU = Release|Any CPU
	EndGlobalSection
	GlobalSection(ProjectConfigurationPlatforms) = postSolution
		{C9DDC90A-E338-4013-8B69-E2A7D90E9F54}.Debug|Any CPU.ActiveCfg = Debug|Any CPU
		{C9DDC90A-E338-4013-8B69-E2A7D90E9F54}.Debug|Any CPU.Build.0 = Debug|Any CPU
		{C9DDC90A-E338-4013-8B69-E2A7D90E9F54}.Release|Any CPU.ActiveCfg = Release|Any CPU
		{C9DDC90A-E338-4013-8B69-E2A7D90E9F54}.Release|Any CPU.Build.0 = Release|Any CPU
	EndGlobalSection
	GlobalSection(SolutionProperties) = preSolution
		HideSolutionNode = FALSE
	EndGlobalSection
	GlobalSection(ExtensibilityGlobals) = postSolution
		SolutionGuid = {7A1FBA38-59B2-45D7-A71F-BAA0FFE200A4}
	EndGlobalSection
EndGlobal
