
Microsoft Visual Studio Solution File, Format Version 12.00
# Visual Studio 15
VisualStudioVersion = 15.0.26730.16
MinimumVisualStudioVersion = 10.0.40219.1
Project("{FAE04EC0-301F-11D3-BF4B-00C04F79EFBC}") = "PE3-1", "PE3-1\PE3-1.csproj", "{47260AB3-947B-48E0-85AD-C5E82F90D755}"
EndProject
Global
	GlobalSection(SolutionConfigurationPlatforms) = preSolution
		Debug|Any CPU = Debug|Any CPU
		Release|Any CPU = Release|Any CPU
	EndGlobalSection
	GlobalSection(ProjectConfigurationPlatforms) = postSolution
		{47260AB3-947B-48E0-85AD-C5E82F90D755}.Debug|Any CPU.ActiveCfg = Debug|Any CPU
		{47260AB3-947B-48E0-85AD-C5E82F90D755}.Debug|Any CPU.Build.0 = Debug|Any CPU
		{47260AB3-947B-48E0-85AD-C5E82F90D755}.Release|Any CPU.ActiveCfg = Release|Any CPU
		{47260AB3-947B-48E0-85AD-C5E82F90D755}.Release|Any CPU.Build.0 = Release|Any CPU
	EndGlobalSection
	GlobalSection(SolutionProperties) = preSolution
		HideSolutionNode = FALSE
	EndGlobalSection
	GlobalSection(ExtensibilityGlobals) = postSolution
		SolutionGuid = {613814AB-A3BB-4A5A-AB24-9312EADA0685}
	EndGlobalSection
EndGlobal
