
Microsoft Visual Studio Solution File, Format Version 12.00
# Visual Studio 15
VisualStudioVersion = 15.0.26730.16
MinimumVisualStudioVersion = 10.0.40219.1
Project("{FAE04EC0-301F-11D3-BF4B-00C04F79EFBC}") = "P07 - Raso Padilla Jose Manuel", "P07 - Raso Padilla Jose Manuel\P07 - Raso Padilla Jose Manuel.csproj", "{57904E65-833A-4368-A61C-ADF0D5619385}"
EndProject
Global
	GlobalSection(SolutionConfigurationPlatforms) = preSolution
		Debug|Any CPU = Debug|Any CPU
		Release|Any CPU = Release|Any CPU
	EndGlobalSection
	GlobalSection(ProjectConfigurationPlatforms) = postSolution
		{57904E65-833A-4368-A61C-ADF0D5619385}.Debug|Any CPU.ActiveCfg = Debug|Any CPU
		{57904E65-833A-4368-A61C-ADF0D5619385}.Debug|Any CPU.Build.0 = Debug|Any CPU
		{57904E65-833A-4368-A61C-ADF0D5619385}.Release|Any CPU.ActiveCfg = Release|Any CPU
		{57904E65-833A-4368-A61C-ADF0D5619385}.Release|Any CPU.Build.0 = Release|Any CPU
	EndGlobalSection
	GlobalSection(SolutionProperties) = preSolution
		HideSolutionNode = FALSE
	EndGlobalSection
	GlobalSection(ExtensibilityGlobals) = postSolution
		SolutionGuid = {A4E17498-63DD-479B-92E7-00B8AB85FB0B}
	EndGlobalSection
EndGlobal
