
Microsoft Visual Studio Solution File, Format Version 12.00
# Visual Studio 15
VisualStudioVersion = 15.0.26730.16
MinimumVisualStudioVersion = 10.0.40219.1
Project("{FAE04EC0-301F-11D3-BF4B-00C04F79EFBC}") = "6.2 2-Busqueda Binaria", "6.2 2-Busqueda Binaria\6.2 2-Busqueda Binaria.csproj", "{0227A872-63EF-44AB-8F05-74691CD80F73}"
EndProject
Global
	GlobalSection(SolutionConfigurationPlatforms) = preSolution
		Debug|Any CPU = Debug|Any CPU
		Release|Any CPU = Release|Any CPU
	EndGlobalSection
	GlobalSection(ProjectConfigurationPlatforms) = postSolution
		{0227A872-63EF-44AB-8F05-74691CD80F73}.Debug|Any CPU.ActiveCfg = Debug|Any CPU
		{0227A872-63EF-44AB-8F05-74691CD80F73}.Debug|Any CPU.Build.0 = Debug|Any CPU
		{0227A872-63EF-44AB-8F05-74691CD80F73}.Release|Any CPU.ActiveCfg = Release|Any CPU
		{0227A872-63EF-44AB-8F05-74691CD80F73}.Release|Any CPU.Build.0 = Release|Any CPU
	EndGlobalSection
	GlobalSection(SolutionProperties) = preSolution
		HideSolutionNode = FALSE
	EndGlobalSection
	GlobalSection(ExtensibilityGlobals) = postSolution
		SolutionGuid = {643101D7-45CA-4C1F-8F0F-7C74BAE7E0D2}
	EndGlobalSection
EndGlobal
