
Microsoft Visual Studio Solution File, Format Version 12.00
# Visual Studio 15
VisualStudioVersion = 15.0.26730.16
MinimumVisualStudioVersion = 10.0.40219.1
Project("{FAE04EC0-301F-11D3-BF4B-00C04F79EFBC}") = "6.1 2-Busqueda Secuencial", "6.1 2-Busqueda Secuencial\6.1 2-Busqueda Secuencial.csproj", "{B53A725A-70C8-4531-A272-B6502F7010AA}"
EndProject
Global
	GlobalSection(SolutionConfigurationPlatforms) = preSolution
		Debug|Any CPU = Debug|Any CPU
		Release|Any CPU = Release|Any CPU
	EndGlobalSection
	GlobalSection(ProjectConfigurationPlatforms) = postSolution
		{B53A725A-70C8-4531-A272-B6502F7010AA}.Debug|Any CPU.ActiveCfg = Debug|Any CPU
		{B53A725A-70C8-4531-A272-B6502F7010AA}.Debug|Any CPU.Build.0 = Debug|Any CPU
		{B53A725A-70C8-4531-A272-B6502F7010AA}.Release|Any CPU.ActiveCfg = Release|Any CPU
		{B53A725A-70C8-4531-A272-B6502F7010AA}.Release|Any CPU.Build.0 = Release|Any CPU
	EndGlobalSection
	GlobalSection(SolutionProperties) = preSolution
		HideSolutionNode = FALSE
	EndGlobalSection
	GlobalSection(ExtensibilityGlobals) = postSolution
		SolutionGuid = {B27CCBCC-EB66-4BB5-8A18-949A15EAAA83}
	EndGlobalSection
EndGlobal
