
Microsoft Visual Studio Solution File, Format Version 12.00
# Visual Studio 15
VisualStudioVersion = 15.0.26730.16
MinimumVisualStudioVersion = 10.0.40219.1
Project("{FAE04EC0-301F-11D3-BF4B-00C04F79EFBC}") = "Tree", "Tree\Tree.csproj", "{44608261-2806-46CE-A199-B31C172110D4}"
EndProject
Global
	GlobalSection(SolutionConfigurationPlatforms) = preSolution
		Debug|Any CPU = Debug|Any CPU
		Release|Any CPU = Release|Any CPU
	EndGlobalSection
	GlobalSection(ProjectConfigurationPlatforms) = postSolution
		{44608261-2806-46CE-A199-B31C172110D4}.Debug|Any CPU.ActiveCfg = Debug|Any CPU
		{44608261-2806-46CE-A199-B31C172110D4}.Debug|Any CPU.Build.0 = Debug|Any CPU
		{44608261-2806-46CE-A199-B31C172110D4}.Release|Any CPU.ActiveCfg = Release|Any CPU
		{44608261-2806-46CE-A199-B31C172110D4}.Release|Any CPU.Build.0 = Release|Any CPU
	EndGlobalSection
	GlobalSection(SolutionProperties) = preSolution
		HideSolutionNode = FALSE
	EndGlobalSection
	GlobalSection(ExtensibilityGlobals) = postSolution
		SolutionGuid = {CC7AA5A5-5F58-41F8-9607-44A757693047}
	EndGlobalSection
EndGlobal
