
Microsoft Visual Studio Solution File, Format Version 12.00
# Visual Studio 15
VisualStudioVersion = 15.0.26730.16
MinimumVisualStudioVersion = 10.0.40219.1
Project("{FAE04EC0-301F-11D3-BF4B-00C04F79EFBC}") = "PE2-2 Raso Padilla Jose Manuel", "PE2-2 Raso Padilla Jose Manuel\PE2-2 Raso Padilla Jose Manuel.csproj", "{8ECBEE01-6807-4864-8C7C-98370DAB042C}"
EndProject
Global
	GlobalSection(SolutionConfigurationPlatforms) = preSolution
		Debug|Any CPU = Debug|Any CPU
		Release|Any CPU = Release|Any CPU
	EndGlobalSection
	GlobalSection(ProjectConfigurationPlatforms) = postSolution
		{8ECBEE01-6807-4864-8C7C-98370DAB042C}.Debug|Any CPU.ActiveCfg = Debug|Any CPU
		{8ECBEE01-6807-4864-8C7C-98370DAB042C}.Debug|Any CPU.Build.0 = Debug|Any CPU
		{8ECBEE01-6807-4864-8C7C-98370DAB042C}.Release|Any CPU.ActiveCfg = Release|Any CPU
		{8ECBEE01-6807-4864-8C7C-98370DAB042C}.Release|Any CPU.Build.0 = Release|Any CPU
	EndGlobalSection
	GlobalSection(SolutionProperties) = preSolution
		HideSolutionNode = FALSE
	EndGlobalSection
	GlobalSection(ExtensibilityGlobals) = postSolution
		SolutionGuid = {A071D90F-CE9B-48CF-B69F-5468E2DE3E16}
	EndGlobalSection
EndGlobal
