
Microsoft Visual Studio Solution File, Format Version 12.00
# Visual Studio 15
VisualStudioVersion = 15.0.27703.2035
MinimumVisualStudioVersion = 10.0.40219.1
Project("{FAE04EC0-301F-11D3-BF4B-00C04F79EFBC}") = "PA02 - Raso Padilla Jose Manuel", "PA02 - Raso Padilla Jose Manuel\PA02 - Raso Padilla Jose Manuel.csproj", "{6570815C-B044-44EF-AAAB-16CBAC3A2D86}"
EndProject
Global
	GlobalSection(SolutionConfigurationPlatforms) = preSolution
		Debug|Any CPU = Debug|Any CPU
		Release|Any CPU = Release|Any CPU
	EndGlobalSection
	GlobalSection(ProjectConfigurationPlatforms) = postSolution
		{6570815C-B044-44EF-AAAB-16CBAC3A2D86}.Debug|Any CPU.ActiveCfg = Debug|Any CPU
		{6570815C-B044-44EF-AAAB-16CBAC3A2D86}.Debug|Any CPU.Build.0 = Debug|Any CPU
		{6570815C-B044-44EF-AAAB-16CBAC3A2D86}.Release|Any CPU.ActiveCfg = Release|Any CPU
		{6570815C-B044-44EF-AAAB-16CBAC3A2D86}.Release|Any CPU.Build.0 = Release|Any CPU
	EndGlobalSection
	GlobalSection(SolutionProperties) = preSolution
		HideSolutionNode = FALSE
	EndGlobalSection
	GlobalSection(ExtensibilityGlobals) = postSolution
		SolutionGuid = {BBCF9B3F-C01F-4798-8C00-BAA4B0FBFCFB}
	EndGlobalSection
EndGlobal
