
Microsoft Visual Studio Solution File, Format Version 12.00
# Visual Studio 15
VisualStudioVersion = 15.0.26730.16
MinimumVisualStudioVersion = 10.0.40219.1
Project("{FAE04EC0-301F-11D3-BF4B-00C04F79EFBC}") = "P05 - Raso Padilla Jose Manuel", "P05 - Raso Padilla Jose Manuel\P05 - Raso Padilla Jose Manuel.csproj", "{CBAFC501-2C2D-4A84-A763-14B6EB911DF2}"
EndProject
Global
	GlobalSection(SolutionConfigurationPlatforms) = preSolution
		Debug|Any CPU = Debug|Any CPU
		Release|Any CPU = Release|Any CPU
	EndGlobalSection
	GlobalSection(ProjectConfigurationPlatforms) = postSolution
		{CBAFC501-2C2D-4A84-A763-14B6EB911DF2}.Debug|Any CPU.ActiveCfg = Debug|Any CPU
		{CBAFC501-2C2D-4A84-A763-14B6EB911DF2}.Debug|Any CPU.Build.0 = Debug|Any CPU
		{CBAFC501-2C2D-4A84-A763-14B6EB911DF2}.Release|Any CPU.ActiveCfg = Release|Any CPU
		{CBAFC501-2C2D-4A84-A763-14B6EB911DF2}.Release|Any CPU.Build.0 = Release|Any CPU
	EndGlobalSection
	GlobalSection(SolutionProperties) = preSolution
		HideSolutionNode = FALSE
	EndGlobalSection
	GlobalSection(ExtensibilityGlobals) = postSolution
		SolutionGuid = {7967C33E-24D9-4171-9D11-8A7D5C314E66}
	EndGlobalSection
EndGlobal
