
Microsoft Visual Studio Solution File, Format Version 12.00
# Visual Studio 15
VisualStudioVersion = 15.0.27703.2035
MinimumVisualStudioVersion = 10.0.40219.1
Project("{FAE04EC0-301F-11D3-BF4B-00C04F79EFBC}") = "P03 - Raso Padilla Jose Manuel", "P03 - Raso Padilla Jose Manuel\P03 - Raso Padilla Jose Manuel.csproj", "{664771CC-6579-4327-B64D-FA4E89389AAB}"
EndProject
Global
	GlobalSection(SolutionConfigurationPlatforms) = preSolution
		Debug|Any CPU = Debug|Any CPU
		Release|Any CPU = Release|Any CPU
	EndGlobalSection
	GlobalSection(ProjectConfigurationPlatforms) = postSolution
		{664771CC-6579-4327-B64D-FA4E89389AAB}.Debug|Any CPU.ActiveCfg = Debug|Any CPU
		{664771CC-6579-4327-B64D-FA4E89389AAB}.Debug|Any CPU.Build.0 = Debug|Any CPU
		{664771CC-6579-4327-B64D-FA4E89389AAB}.Release|Any CPU.ActiveCfg = Release|Any CPU
		{664771CC-6579-4327-B64D-FA4E89389AAB}.Release|Any CPU.Build.0 = Release|Any CPU
	EndGlobalSection
	GlobalSection(SolutionProperties) = preSolution
		HideSolutionNode = FALSE
	EndGlobalSection
	GlobalSection(ExtensibilityGlobals) = postSolution
		SolutionGuid = {532FC76B-32C9-4D07-9CC1-3E9A3C730E3B}
	EndGlobalSection
EndGlobal
