
Microsoft Visual Studio Solution File, Format Version 12.00
# Visual Studio 15
VisualStudioVersion = 15.0.26730.16
MinimumVisualStudioVersion = 10.0.40219.1
Project("{FAE04EC0-301F-11D3-BF4B-00C04F79EFBC}") = "E2-2 RasoPadillaJoseManuel", "E2-2 RasoPadillaJoseManuel\E2-2 RasoPadillaJoseManuel.csproj", "{C05F3C29-805C-42D3-AF1C-D47B0FF45435}"
EndProject
Global
	GlobalSection(SolutionConfigurationPlatforms) = preSolution
		Debug|Any CPU = Debug|Any CPU
		Release|Any CPU = Release|Any CPU
	EndGlobalSection
	GlobalSection(ProjectConfigurationPlatforms) = postSolution
		{C05F3C29-805C-42D3-AF1C-D47B0FF45435}.Debug|Any CPU.ActiveCfg = Debug|Any CPU
		{C05F3C29-805C-42D3-AF1C-D47B0FF45435}.Debug|Any CPU.Build.0 = Debug|Any CPU
		{C05F3C29-805C-42D3-AF1C-D47B0FF45435}.Release|Any CPU.ActiveCfg = Release|Any CPU
		{C05F3C29-805C-42D3-AF1C-D47B0FF45435}.Release|Any CPU.Build.0 = Release|Any CPU
	EndGlobalSection
	GlobalSection(SolutionProperties) = preSolution
		HideSolutionNode = FALSE
	EndGlobalSection
	GlobalSection(ExtensibilityGlobals) = postSolution
		SolutionGuid = {3D529997-D111-4A40-B31C-F06B707E0C3C}
	EndGlobalSection
EndGlobal
