
Microsoft Visual Studio Solution File, Format Version 12.00
# Visual Studio 15
VisualStudioVersion = 15.0.26730.16
MinimumVisualStudioVersion = 10.0.40219.1
Project("{FAE04EC0-301F-11D3-BF4B-00C04F79EFBC}") = "5.3 - Radix", "5.3 - Radix\5.3 - Radix.csproj", "{BC13A21A-193D-4F5D-9E5C-87DA8228BFC1}"
EndProject
Global
	GlobalSection(SolutionConfigurationPlatforms) = preSolution
		Debug|Any CPU = Debug|Any CPU
		Release|Any CPU = Release|Any CPU
	EndGlobalSection
	GlobalSection(ProjectConfigurationPlatforms) = postSolution
		{BC13A21A-193D-4F5D-9E5C-87DA8228BFC1}.Debug|Any CPU.ActiveCfg = Debug|Any CPU
		{BC13A21A-193D-4F5D-9E5C-87DA8228BFC1}.Debug|Any CPU.Build.0 = Debug|Any CPU
		{BC13A21A-193D-4F5D-9E5C-87DA8228BFC1}.Release|Any CPU.ActiveCfg = Release|Any CPU
		{BC13A21A-193D-4F5D-9E5C-87DA8228BFC1}.Release|Any CPU.Build.0 = Release|Any CPU
	EndGlobalSection
	GlobalSection(SolutionProperties) = preSolution
		HideSolutionNode = FALSE
	EndGlobalSection
	GlobalSection(ExtensibilityGlobals) = postSolution
		SolutionGuid = {D6D78B84-05C6-4E93-B57C-C253149AD570}
	EndGlobalSection
EndGlobal
