
Microsoft Visual Studio Solution File, Format Version 12.00
# Visual Studio 15
VisualStudioVersion = 15.0.26730.16
MinimumVisualStudioVersion = 10.0.40219.1
Project("{FAE04EC0-301F-11D3-BF4B-00C04F79EFBC}") = "ejercicio 9", "ejercicio 9\ejercicio 9.csproj", "{BCD71EE8-BD2D-4350-9D48-2CC8AB6E28C3}"
EndProject
Global
	GlobalSection(SolutionConfigurationPlatforms) = preSolution
		Debug|Any CPU = Debug|Any CPU
		Release|Any CPU = Release|Any CPU
	EndGlobalSection
	GlobalSection(ProjectConfigurationPlatforms) = postSolution
		{BCD71EE8-BD2D-4350-9D48-2CC8AB6E28C3}.Debug|Any CPU.ActiveCfg = Debug|Any CPU
		{BCD71EE8-BD2D-4350-9D48-2CC8AB6E28C3}.Debug|Any CPU.Build.0 = Debug|Any CPU
		{BCD71EE8-BD2D-4350-9D48-2CC8AB6E28C3}.Release|Any CPU.ActiveCfg = Release|Any CPU
		{BCD71EE8-BD2D-4350-9D48-2CC8AB6E28C3}.Release|Any CPU.Build.0 = Release|Any CPU
	EndGlobalSection
	GlobalSection(SolutionProperties) = preSolution
		HideSolutionNode = FALSE
	EndGlobalSection
	GlobalSection(ExtensibilityGlobals) = postSolution
		SolutionGuid = {8612077D-9807-46CB-8A75-D3979EFE15FD}
	EndGlobalSection
EndGlobal
